// !$*UTF8*$!
{
	archiveVersion = 1;
	classes = {
	};
	objectVersion = 50;
	objects = {

/* Begin PBXBuildFile section */
		8DA4F9AF21DFEBD100A49DEA /* AppDelegate.swift in Sources */ = {isa = PBXBuildFile; fileRef = 8DA4F9AE21DFEBD100A49DEA /* AppDelegate.swift */; };
		8DA4F9B121DFEBD100A49DEA /* StudentViewController.swift in Sources */ = {isa = PBXBuildFile; fileRef = 8DA4F9B021DFEBD100A49DEA /* StudentViewController.swift */; };
		8DA4F9B721DFEBD100A49DEA /* CoreDataApp.xcdatamodeld in Sources */ = {isa = PBXBuildFile; fileRef = 8DA4F9B521DFEBD100A49DEA /* CoreDataApp.xcdatamodeld */; };
		8DA4F9B921DFEBD200A49DEA /* Assets.xcassets in Resources */ = {isa = PBXBuildFile; fileRef = 8DA4F9B821DFEBD200A49DEA /* Assets.xcassets */; };
		8DA4F9BC21DFEBD200A49DEA /* LaunchScreen.storyboard in Resources */ = {isa = PBXBuildFile; fileRef = 8DA4F9BA21DFEBD200A49DEA /* LaunchScreen.storyboard */; };
		8DA7195521E3942900C8CE3F /* Student+CoreDataClass.swift in Sources */ = {isa = PBXBuildFile; fileRef = 8DA7195321E3942900C8CE3F /* Student+CoreDataClass.swift */; };
		8DA7195621E3942900C8CE3F /* Student+CoreDataProperties.swift in Sources */ = {isa = PBXBuildFile; fileRef = 8DA7195421E3942900C8CE3F /* Student+CoreDataProperties.swift */; };
		8DA7196121E397B300C8CE3F /* Main.storyboard in Resources */ = {isa = PBXBuildFile; fileRef = 8DA7196021E397B300C8CE3F /* Main.storyboard */; };
		8DA7196521E3996500C8CE3F /* StudentCell.swift in Sources */ = {isa = PBXBuildFile; fileRef = 8DA7196421E3996500C8CE3F /* StudentCell.swift */; };
/* End PBXBuildFile section */

/* Begin PBXFileReference section */
		8DA4F9AB21DFEBD100A49DEA /* CoreDataApp.app */ = {isa = PBXFileReference; explicitFileType = wrapper.application; includeInIndex = 0; path = CoreDataApp.app; sourceTree = BUILT_PRODUCTS_DIR; };
		8DA4F9AE21DFEBD100A49DEA /* AppDelegate.swift */ = {isa = PBXFileReference; lastKnownFileType = sourcecode.swift; path = AppDelegate.swift; sourceTree = "<group>"; };
		8DA4F9B021DFEBD100A49DEA /* StudentViewController.swift */ = {isa = PBXFileReference; lastKnownFileType = sourcecode.swift; path = StudentViewController.swift; sourceTree = "<group>"; };
		8DA4F9B621DFEBD100A49DEA /* CoreDataApp.xcdatamodel */ = {isa = PBXFileReference; lastKnownFileType = wrapper.xcdatamodel; path = CoreDataApp.xcdatamodel; sourceTree = "<group>"; };
		8DA4F9B821DFEBD200A49DEA /* Assets.xcassets */ = {isa = PBXFileReference; lastKnownFileType = folder.assetcatalog; path = Assets.xcassets; sourceTree = "<group>"; };
		8DA4F9BB21DFEBD200A49DEA /* Base */ = {isa = PBXFileReference; lastKnownFileType = file.storyboard; name = Base; path = Base.lproj/LaunchScreen.storyboard; sourceTree = "<group>"; };
		8DA4F9BD21DFEBD200A49DEA /* Info.plist */ = {isa = PBXFileReference; lastKnownFileType = text.plist.xml; path = Info.plist; sourceTree = "<group>"; };
		8DA7195321E3942900C8CE3F /* Student+CoreDataClass.swift */ = {isa = PBXFileReference; lastKnownFileType = sourcecode.swift; path = "Student+CoreDataClass.swift"; sourceTree = "<group>"; };
		8DA7195421E3942900C8CE3F /* Student+CoreDataProperties.swift */ = {isa = PBXFileReference; lastKnownFileType = sourcecode.swift; path = "Student+CoreDataProperties.swift"; sourceTree = "<group>"; };
		8DA7196021E397B300C8CE3F /* Main.storyboard */ = {isa = PBXFileReference; fileEncoding = 4; lastKnownFileType = file.storyboard; path = Main.storyboard; sourceTree = "<group>"; };
		8DA7196421E3996500C8CE3F /* StudentCell.swift */ = {isa = PBXFileReference; lastKnownFileType = sourcecode.swift; path = StudentCell.swift; sourceTree = "<group>"; };
/* End PBXFileReference section */

/* Begin PBXFrameworksBuildPhase section */
		8DA4F9A821DFEBD100A49DEA /* Frameworks */ = {
			isa = PBXFrameworksBuildPhase;
			buildActionMask = 2147483647;
			files = (
			);
			runOnlyForDeploymentPostprocessing = 0;
		};
/* End PBXFrameworksBuildPhase section */

/* Begin PBXGroup section */
		8DA4F9A221DFEBD100A49DEA = {
			isa = PBXGroup;
			children = (
				8DA4F9AD21DFEBD100A49DEA /* CoreDataApp */,
				8DA4F9AC21DFEBD100A49DEA /* Products */,
			);
			sourceTree = "<group>";
		};
		8DA4F9AC21DFEBD100A49DEA /* Products */ = {
			isa = PBXGroup;
			children = (
				8DA4F9AB21DFEBD100A49DEA /* CoreDataApp.app */,
			);
			name = Products;
			sourceTree = "<group>";
		};
		8DA4F9AD21DFEBD100A49DEA /* CoreDataApp */ = {
			isa = PBXGroup;
			children = (
				8DA7196721E399B200C8CE3F /* Model */,
				8DA7196621E399A300C8CE3F /* ViewControllers */,
				8DA7196221E3986B00C8CE3F /* CustomViews */,
				8DA7195D21E3979000C8CE3F /* Storyboards */,
				8DA7196821E399BE00C8CE3F /* SupportingFiles */,
				8DA4F9BD21DFEBD200A49DEA /* Info.plist */,
			);
			path = CoreDataApp;
			sourceTree = "<group>";
		};
		8DA7195D21E3979000C8CE3F /* Storyboards */ = {
			isa = PBXGroup;
			children = (
				8DA4F9BA21DFEBD200A49DEA /* LaunchScreen.storyboard */,
				8DA7196021E397B300C8CE3F /* Main.storyboard */,
			);
			path = Storyboards;
			sourceTree = "<group>";
		};
		8DA7196221E3986B00C8CE3F /* CustomViews */ = {
			isa = PBXGroup;
			children = (
				8DA7196321E3992A00C8CE3F /* TableViewCells */,
			);
			path = CustomViews;
			sourceTree = "<group>";
		};
		8DA7196321E3992A00C8CE3F /* TableViewCells */ = {
			isa = PBXGroup;
			children = (
				8DA7196421E3996500C8CE3F /* StudentCell.swift */,
			);
			path = TableViewCells;
			sourceTree = "<group>";
		};
		8DA7196621E399A300C8CE3F /* ViewControllers */ = {
			isa = PBXGroup;
			children = (
				8DA4F9B021DFEBD100A49DEA /* StudentViewController.swift */,
			);
			path = ViewControllers;
			sourceTree = "<group>";
		};
		8DA7196721E399B200C8CE3F /* Model */ = {
			isa = PBXGroup;
			children = (
				8DA7195421E3942900C8CE3F /* Student+CoreDataProperties.swift */,
				8DA7195321E3942900C8CE3F /* Student+CoreDataClass.swift */,
			);
			path = Model;
			sourceTree = "<group>";
		};
		8DA7196821E399BE00C8CE3F /* SupportingFiles */ = {
			isa = PBXGroup;
			children = (
				8DA4F9B821DFEBD200A49DEA /* Assets.xcassets */,
				8DA4F9B521DFEBD100A49DEA /* CoreDataApp.xcdatamodeld */,
				8DA4F9AE21DFEBD100A49DEA /* AppDelegate.swift */,
			);
			path = SupportingFiles;
			sourceTree = "<group>";
		};
/* End PBXGroup section */

/* Begin PBXNativeTarget section */
		8DA4F9AA21DFEBD100A49DEA /* CoreDataApp */ = {
			isa = PBXNativeTarget;
			buildConfigurationList = 8DA4F9C021DFEBD200A49DEA /* Build configuration list for PBXNativeTarget "CoreDataApp" */;
			buildPhases = (
				8DA4F9A721DFEBD100A49DEA /* Sources */,
				8DA4F9A821DFEBD100A49DEA /* Frameworks */,
				8DA4F9A921DFEBD100A49DEA /* Resources */,
			);
			buildRules = (
			);
			dependencies = (
			);
			name = CoreDataApp;
			productName = CoreDataApp;
			productReference = 8DA4F9AB21DFEBD100A49DEA /* CoreDataApp.app */;
			productType = "com.apple.product-type.application";
		};
/* End PBXNativeTarget section */

/* Begin PBXProject section */
		8DA4F9A321DFEBD100A49DEA /* Project object */ = {
			isa = PBXProject;
			attributes = {
				LastSwiftUpdateCheck = 1010;
				LastUpgradeCheck = 1010;
				ORGANIZATIONNAME = Belatrix;
				TargetAttributes = {
					8DA4F9AA21DFEBD100A49DEA = {
						CreatedOnToolsVersion = 10.1;
					};
				};
			};
			buildConfigurationList = 8DA4F9A621DFEBD100A49DEA /* Build configuration list for PBXProject "CoreDataApp" */;
			compatibilityVersion = "Xcode 9.3";
			developmentRegion = en;
			hasScannedForEncodings = 0;
			knownRegions = (
				en,
				Base,
			);
			mainGroup = 8DA4F9A221DFEBD100A49DEA;
			productRefGroup = 8DA4F9AC21DFEBD100A49DEA /* Products */;
			projectDirPath = "";
			projectRoot = "";
			targets = (
				8DA4F9AA21DFEBD100A49DEA /* CoreDataApp */,
			);
		};
/* End PBXProject section */

/* Begin PBXResourcesBuildPhase section */
		8DA4F9A921DFEBD100A49DEA /* Resources */ = {
			isa = PBXResourcesBuildPhase;
			buildActionMask = 2147483647;
			files = (
				8DA4F9BC21DFEBD200A49DEA /* LaunchScreen.storyboard in Resources */,
				8DA7196121E397B300C8CE3F /* Main.storyboard in Resources */,
				8DA4F9B921DFEBD200A49DEA /* Assets.xcassets in Resources */,
			);
			runOnlyForDeploymentPostprocessing = 0;
		};
/* End PBXResourcesBuildPhase section */

/* Begin PBXSourcesBuildPhase section */
		8DA4F9A721DFEBD100A49DEA /* Sources */ = {
			isa = PBXSourcesBuildPhase;
			buildActionMask = 2147483647;
			files = (
				8DA7195621E3942900C8CE3F /* Student+CoreDataProperties.swift in Sources */,
				8DA4F9B121DFEBD100A49DEA /* StudentViewController.swift in Sources */,
				8DA4F9B721DFEBD100A49DEA /* CoreDataApp.xcdatamodeld in Sources */,
				8DA7196521E3996500C8CE3F /* StudentCell.swift in Sources */,
				8DA4F9AF21DFEBD100A49DEA /* AppDelegate.swift in Sources */,
				8DA7195521E3942900C8CE3F /* Student+CoreDataClass.swift in Sources */,
			);
			runOnlyForDeploymentPostprocessing = 0;
		};
/* End PBXSourcesBuildPhase section */

/* Begin PBXVariantGroup section */
		8DA4F9BA21DFEBD200A49DEA /* LaunchScreen.storyboard */ = {
			isa = PBXVariantGroup;
			children = (
				8DA4F9BB21DFEBD200A49DEA /* Base */,
			);
			name = LaunchScreen.storyboard;
			sourceTree = "<group>";
		};
/* End PBXVariantGroup section */

/* Begin XCBuildConfiguration section */
		8DA4F9BE21DFEBD200A49DEA /* Debug */ = {
			isa = XCBuildConfiguration;
			buildSettings = {
				ALWAYS_SEARCH_USER_PATHS = NO;
				CLANG_ANALYZER_NONNULL = YES;
				CLANG_ANALYZER_NUMBER_OBJECT_CONVERSION = YES_AGGRESSIVE;
				CLANG_CXX_LANGUAGE_STANDARD = "gnu++14";
				CLANG_CXX_LIBRARY = "libc++";
				CLANG_ENABLE_MODULES = YES;
				CLANG_ENABLE_OBJC_ARC = YES;
				CLANG_ENABLE_OBJC_WEAK = YES;
				CLANG_WARN_BLOCK_CAPTURE_AUTORELEASING = YES;
				CLANG_WARN_BOOL_CONVERSION = YES;
				CLANG_WARN_COMMA = YES;
				CLANG_WARN_CONSTANT_CONVERSION = YES;
				CLANG_WARN_DEPRECATED_OBJC_IMPLEMENTATIONS = YES;
				CLANG_WARN_DIRECT_OBJC_ISA_USAGE = YES_ERROR;
				CLANG_WARN_DOCUMENTATION_COMMENTS = YES;
				CLANG_WARN_EMPTY_BODY = YES;
				CLANG_WARN_ENUM_CONVERSION = YES;
				CLANG_WARN_INFINITE_RECURSION = YES;
				CLANG_WARN_INT_CONVERSION = YES;
				CLANG_WARN_NON_LITERAL_NULL_CONVERSION = YES;
				CLANG_WARN_OBJC_IMPLICIT_RETAIN_SELF = YES;
				CLANG_WARN_OBJC_LITERAL_CONVERSION = YES;
				CLANG_WARN_OBJC_ROOT_CLASS = YES_ERROR;
				CLANG_WARN_RANGE_LOOP_ANALYSIS = YES;
				CLANG_WARN_STRICT_PROTOTYPES = YES;
				CLANG_WARN_SUSPICIOUS_MOVE = YES;
				CLANG_WARN_UNGUARDED_AVAILABILITY = YES_AGGRESSIVE;
				CLANG_WARN_UNREACHABLE_CODE = YES;
				CLANG_WARN__DUPLICATE_METHOD_MATCH = YES;
				CODE_SIGN_IDENTITY = "iPhone Developer";
				COPY_PHASE_STRIP = NO;
				DEBUG_INFORMATION_FORMAT = dwarf;
				ENABLE_STRICT_OBJC_MSGSEND = YES;
				ENABLE_TESTABILITY = YES;
				GCC_C_LANGUAGE_STANDARD = gnu11;
				GCC_DYNAMIC_NO_PIC = NO;
				GCC_NO_COMMON_BLOCKS = YES;
				GCC_OPTIMIZATION_LEVEL = 0;
				GCC_PREPROCESSOR_DEFINITIONS = (
					"DEBUG=1",
					"$(inherited)",
				);
				GCC_WARN_64_TO_32_BIT_CONVERSION = YES;
				GCC_WARN_ABOUT_RETURN_TYPE = YES_ERROR;
				GCC_WARN_UNDECLARED_SELECTOR = YES;
				GCC_WARN_UNINITIALIZED_AUTOS = YES_AGGRESSIVE;
				GCC_WARN_UNUSED_FUNCTION = YES;
				GCC_WARN_UNUSED_VARIABLE = YES;
				IPHONEOS_DEPLOYMENT_TARGET = 12.1;
				MTL_ENABLE_DEBUG_INFO = INCLUDE_SOURCE;
				MTL_FAST_MATH = YES;
				ONLY_ACTIVE_ARCH = YES;
				SDKROOT = iphoneos;
				SWIFT_ACTIVE_COMPILATION_CONDITIONS = DEBUG;
				SWIFT_OPTIMIZATION_LEVEL = "-Onone";
			};
			name = Debug;
		};
		8DA4F9BF21DFEBD200A49DEA /* Release */ = {
			isa = XCBuildConfiguration;
			buildSettings = {
				ALWAYS_SEARCH_USER_PATHS = NO;
				CLANG_ANALYZER_NONNULL = YES;
				CLANG_ANALYZER_NUMBER_OBJECT_CONVERSION = YES_AGGRESSIVE;
				CLANG_CXX_LANGUAGE_STANDARD = "gnu++14";
				CLANG_CXX_LIBRARY = "libc++";
				CLANG_ENABLE_MODULES = YES;
				CLANG_ENABLE_OBJC_ARC = YES;
				CLANG_ENABLE_OBJC_WEAK = YES;
				CLANG_WARN_BLOCK_CAPTURE_AUTORELEASING = YES;
				CLANG_WARN_BOOL_CONVERSION = YES;
				CLANG_WARN_COMMA = YES;
				CLANG_WARN_CONSTANT_CONVERSION = YES;
				CLANG_WARN_DEPRECATED_OBJC_IMPLEMENTATIONS = YES;
				CLANG_WARN_DIRECT_OBJC_ISA_USAGE = YES_ERROR;
				CLANG_WARN_DOCUMENTATION_COMMENTS = YES;
				CLANG_WARN_EMPTY_BODY = YES;
				CLANG_WARN_ENUM_CONVERSION = YES;
				CLANG_WARN_INFINITE_RECURSION = YES;
				CLANG_WARN_INT_CONVERSION = YES;
				CLANG_WARN_NON_LITERAL_NULL_CONVERSION = YES;
				CLANG_WARN_OBJC_IMPLICIT_RETAIN_SELF = YES;
				CLANG_WARN_OBJC_LITERAL_CONVERSION = YES;
				CLANG_WARN_OBJC_ROOT_CLASS = YES_ERROR;
				CLANG_WARN_RANGE_LOOP_ANALYSIS = YES;
				CLANG_WARN_STRICT_PROTOTYPES = YES;
				CLANG_WARN_SUSPICIOUS_MOVE = YES;
				CLANG_WARN_UNGUARDED_AVAILABILITY = YES_AGGRESSIVE;
				CLANG_WARN_UNREACHABLE_CODE = YES;
				CLANG_WARN__DUPLICATE_METHOD_MATCH = YES;
				CODE_SIGN_IDENTITY = "iPhone Developer";
				COPY_PHASE_STRIP = NO;
				DEBUG_INFORMATION_FORMAT = "dwarf-with-dsym";
				ENABLE_NS_ASSERTIONS = NO;
				ENABLE_STRICT_OBJC_MSGSEND = YES;
				GCC_C_LANGUAGE_STANDARD = gnu11;
				GCC_NO_COMMON_BLOCKS = YES;
				GCC_WARN_64_TO_32_BIT_CONVERSION = YES;
				GCC_WARN_ABOUT_RETURN_TYPE = YES_ERROR;
				GCC_WARN_UNDECLARED_SELECTOR = YES;
				GCC_WARN_UNINITIALIZED_AUTOS = YES_AGGRESSIVE;
				GCC_WARN_UNUSED_FUNCTION = YES;
				GCC_WARN_UNUSED_VARIABLE = YES;
				IPHONEOS_DEPLOYMENT_TARGET = 12.1;
				MTL_ENABLE_DEBUG_INFO = NO;
				MTL_FAST_MATH = YES;
				SDKROOT = iphoneos;
				SWIFT_COMPILATION_MODE = wholemodule;
				SWIFT_OPTIMIZATION_LEVEL = "-O";
				VALIDATE_PRODUCT = YES;
			};
			name = Release;
		};
		8DA4F9C121DFEBD200A49DEA /* Debug */ = {
			isa = XCBuildConfiguration;
			buildSettings = {
				ASSETCATALOG_COMPILER_APPICON_NAME = AppIcon;
				CODE_SIGN_STYLE = Automatic;
				INFOPLIST_FILE = CoreDataApp/Info.plist;
				LD_RUNPATH_SEARCH_PATHS = (
					"$(inherited)",
					"@executable_path/Frameworks",
				);
				PRODUCT_BUNDLE_IDENTIFIER = com.belatrix.CoreDataApp;
				PRODUCT_NAME = "$(TARGET_NAME)";
				SWIFT_VERSION = 4.2;
				TARGETED_DEVICE_FAMILY = "1,2";
			};
			name = Debug;
		};
		8DA4F9C221DFEBD200A49DEA /* Release */ = {
			isa = XCBuildConfiguration;
			buildSettings = {
				ASSETCATALOG_COMPILER_APPICON_NAME = AppIcon;
				CODE_SIGN_STYLE = Automatic;
				INFOPLIST_FILE = CoreDataApp/Info.plist;
				LD_RUNPATH_SEARCH_PATHS = (
					"$(inherited)",
					"@executable_path/Frameworks",
				);
				PRODUCT_BUNDLE_IDENTIFIER = com.belatrix.CoreDataApp;
				PRODUCT_NAME = "$(TARGET_NAME)";
				SWIFT_VERSION = 4.2;
				TARGETED_DEVICE_FAMILY = "1,2";
			};
			name = Release;
		};
/* End XCBuildConfiguration section */

/* Begin XCConfigurationList section */
		8DA4F9A621DFEBD100A49DEA /* Build configuration list for PBXProject "CoreDataApp" */ = {
			isa = XCConfigurationList;
			buildConfigurations = (
				8DA4F9BE21DFEBD200A49DEA /* Debug */,
				8DA4F9BF21DFEBD200A49DEA /* Release */,
			);
			defaultConfigurationIsVisible = 0;
			defaultConfigurationName = Release;
		};
		8DA4F9C021DFEBD200A49DEA /* Build configuration list for PBXNativeTarget "CoreDataApp" */ = {
			isa = XCConfigurationList;
			buildConfigurations = (
				8DA4F9C121DFEBD200A49DEA /* Debug */,
				8DA4F9C221DFEBD200A49DEA /* Release */,
			);
			defaultConfigurationIsVisible = 0;
			defaultConfigurationName = Release;
		};
/* End XCConfigurationList section */

/* Begin XCVersionGroup section */
		8DA4F9B521DFEBD100A49DEA /* CoreDataApp.xcdatamodeld */ = {
			isa = XCVersionGroup;
			children = (
				8DA4F9B621DFEBD100A49DEA /* CoreDataApp.xcdatamodel */,
			);
			currentVersion = 8DA4F9B621DFEBD100A49DEA /* CoreDataApp.xcdatamodel */;
			path = CoreDataApp.xcdatamodeld;
			sourceTree = "<group>";
			versionGroupType = wrapper.xcdatamodel;
		};
/* End XCVersionGroup section */
	};
	rootObject = 8DA4F9A321DFEBD100A49DEA /* Project object */;
}
